
Microsoft Visual Studio Solution File, Format Version 12.00
# Visual Studio Version 17
Project("{2150E333-8FDC-42A3-9474-1A3956D46DE8}") = "CGRA", "CGRA", "{66239E1C-1296-333E-8D6E-80E6AE352C7F}"
EndProject
Project("{2150E333-8FDC-42A3-9474-1A3956D46DE8}") = "CMakePredefinedTargets", "CMakePredefinedTargets", "{0D78192C-BCAF-353A-8D0E-62073C216846}"
EndProject
Project("{2150E333-8FDC-42A3-9474-1A3956D46DE8}") = "GLEW", "GLEW", "{94E66863-2157-374E-96A3-BA6A71DA1DF3}"
EndProject
Project("{2150E333-8FDC-42A3-9474-1A3956D46DE8}") = "GLFW3", "GLFW3", "{1CCF2A8F-EED8-3C85-989D-E198782F02B5}"
EndProject
Project("{8BC9CEB8-8B4A-11D0-8D11-00A0C91BC942}") = "base", "src\base.vcxproj", "{27FF08C7-8CF9-387B-8F72-96C856D1BB7F}"
	ProjectSection(ProjectDependencies) = postProject
		{7109F831-932B-3D7F-A49F-E616F3F9F7AD} = {7109F831-932B-3D7F-A49F-E616F3F9F7AD}
		{09467C61-B7CA-348A-A544-DAD4C01C4571} = {09467C61-B7CA-348A-A544-DAD4C01C4571}
		{903D6209-AC5C-3852-9AB5-2828E20920C5} = {903D6209-AC5C-3852-9AB5-2828E20920C5}
		{870ECC49-03B1-3720-B6F2-70494756CC8B} = {870ECC49-03B1-3720-B6F2-70494756CC8B}
		{1EB9B4C9-337B-386B-8539-F612745275EC} = {1EB9B4C9-337B-386B-8539-F612745275EC}
	EndProjectSection
EndProject
Project("{8BC9CEB8-8B4A-11D0-8D11-00A0C91BC942}") = "ALL_BUILD", "ALL_BUILD.vcxproj", "{0F49A861-F275-3927-AA26-FC3C24834354}"
	ProjectSection(ProjectDependencies) = postProject
		{7109F831-932B-3D7F-A49F-E616F3F9F7AD} = {7109F831-932B-3D7F-A49F-E616F3F9F7AD}
		{27FF08C7-8CF9-387B-8F72-96C856D1BB7F} = {27FF08C7-8CF9-387B-8F72-96C856D1BB7F}
		{DE271FAB-6FFC-361D-8DAA-22CC829E9284} = {DE271FAB-6FFC-361D-8DAA-22CC829E9284}
		{09467C61-B7CA-348A-A544-DAD4C01C4571} = {09467C61-B7CA-348A-A544-DAD4C01C4571}
		{903D6209-AC5C-3852-9AB5-2828E20920C5} = {903D6209-AC5C-3852-9AB5-2828E20920C5}
		{1A25E1B7-1A60-3772-BAF8-7B27072F3F23} = {1A25E1B7-1A60-3772-BAF8-7B27072F3F23}
		{870ECC49-03B1-3720-B6F2-70494756CC8B} = {870ECC49-03B1-3720-B6F2-70494756CC8B}
		{1EB9B4C9-337B-386B-8539-F612745275EC} = {1EB9B4C9-337B-386B-8539-F612745275EC}
	EndProjectSection
EndProject
Project("{8BC9CEB8-8B4A-11D0-8D11-00A0C91BC942}") = "INSTALL", "INSTALL.vcxproj", "{E381D55F-6FA4-3C67-AEF6-353571EC5BFE}"
	ProjectSection(ProjectDependencies) = postProject
		{0F49A861-F275-3927-AA26-FC3C24834354} = {0F49A861-F275-3927-AA26-FC3C24834354}
		{7109F831-932B-3D7F-A49F-E616F3F9F7AD} = {7109F831-932B-3D7F-A49F-E616F3F9F7AD}
	EndProjectSection
EndProject
Project("{8BC9CEB8-8B4A-11D0-8D11-00A0C91BC942}") = "ZERO_CHECK", "ZERO_CHECK.vcxproj", "{7109F831-932B-3D7F-A49F-E616F3F9F7AD}"
	ProjectSection(ProjectDependencies) = postProject
	EndProjectSection
EndProject
Project("{8BC9CEB8-8B4A-11D0-8D11-00A0C91BC942}") = "docs", "ext\glfw\docs\docs.vcxproj", "{DE271FAB-6FFC-361D-8DAA-22CC829E9284}"
	ProjectSection(ProjectDependencies) = postProject
		{7109F831-932B-3D7F-A49F-E616F3F9F7AD} = {7109F831-932B-3D7F-A49F-E616F3F9F7AD}
	EndProjectSection
EndProject
Project("{8BC9CEB8-8B4A-11D0-8D11-00A0C91BC942}") = "glew", "ext\glew-1.10.0\glew.vcxproj", "{09467C61-B7CA-348A-A544-DAD4C01C4571}"
	ProjectSection(ProjectDependencies) = postProject
		{7109F831-932B-3D7F-A49F-E616F3F9F7AD} = {7109F831-932B-3D7F-A49F-E616F3F9F7AD}
	EndProjectSection
EndProject
Project("{8BC9CEB8-8B4A-11D0-8D11-00A0C91BC942}") = "glfw", "ext\glfw\src\glfw.vcxproj", "{903D6209-AC5C-3852-9AB5-2828E20920C5}"
	ProjectSection(ProjectDependencies) = postProject
		{7109F831-932B-3D7F-A49F-E616F3F9F7AD} = {7109F831-932B-3D7F-A49F-E616F3F9F7AD}
	EndProjectSection
EndProject
Project("{8BC9CEB8-8B4A-11D0-8D11-00A0C91BC942}") = "glm_dummy", "ext\glm\glm_dummy.vcxproj", "{1A25E1B7-1A60-3772-BAF8-7B27072F3F23}"
	ProjectSection(ProjectDependencies) = postProject
		{7109F831-932B-3D7F-A49F-E616F3F9F7AD} = {7109F831-932B-3D7F-A49F-E616F3F9F7AD}
	EndProjectSection
EndProject
Project("{8BC9CEB8-8B4A-11D0-8D11-00A0C91BC942}") = "imgui", "ext\imgui\imgui.vcxproj", "{870ECC49-03B1-3720-B6F2-70494756CC8B}"
	ProjectSection(ProjectDependencies) = postProject
		{7109F831-932B-3D7F-A49F-E616F3F9F7AD} = {7109F831-932B-3D7F-A49F-E616F3F9F7AD}
	EndProjectSection
EndProject
Project("{8BC9CEB8-8B4A-11D0-8D11-00A0C91BC942}") = "res", "res\res.vcxproj", "{4C90FD1E-2192-3CBC-9101-DB0330804B67}"
	ProjectSection(ProjectDependencies) = postProject
		{7109F831-932B-3D7F-A49F-E616F3F9F7AD} = {7109F831-932B-3D7F-A49F-E616F3F9F7AD}
	EndProjectSection
EndProject
Project("{8BC9CEB8-8B4A-11D0-8D11-00A0C91BC942}") = "stb", "ext\stb\stb.vcxproj", "{1EB9B4C9-337B-386B-8539-F612745275EC}"
	ProjectSection(ProjectDependencies) = postProject
		{7109F831-932B-3D7F-A49F-E616F3F9F7AD} = {7109F831-932B-3D7F-A49F-E616F3F9F7AD}
	EndProjectSection
EndProject
Project("{8BC9CEB8-8B4A-11D0-8D11-00A0C91BC942}") = "uninstall", "ext\glfw\uninstall.vcxproj", "{614F9AA3-DA33-3911-9F6B-9D2820DE0F94}"
	ProjectSection(ProjectDependencies) = postProject
		{7109F831-932B-3D7F-A49F-E616F3F9F7AD} = {7109F831-932B-3D7F-A49F-E616F3F9F7AD}
	EndProjectSection
EndProject
Global
	GlobalSection(SolutionConfigurationPlatforms) = preSolution
		Debug|x64 = Debug|x64
		Release|x64 = Release|x64
		MinSizeRel|x64 = MinSizeRel|x64
		RelWithDebInfo|x64 = RelWithDebInfo|x64
	EndGlobalSection
	GlobalSection(ProjectConfigurationPlatforms) = postSolution
		{27FF08C7-8CF9-387B-8F72-96C856D1BB7F}.Debug|x64.ActiveCfg = Debug|x64
		{27FF08C7-8CF9-387B-8F72-96C856D1BB7F}.Debug|x64.Build.0 = Debug|x64
		{27FF08C7-8CF9-387B-8F72-96C856D1BB7F}.Release|x64.ActiveCfg = Release|x64
		{27FF08C7-8CF9-387B-8F72-96C856D1BB7F}.Release|x64.Build.0 = Release|x64
		{27FF08C7-8CF9-387B-8F72-96C856D1BB7F}.MinSizeRel|x64.ActiveCfg = MinSizeRel|x64
		{27FF08C7-8CF9-387B-8F72-96C856D1BB7F}.MinSizeRel|x64.Build.0 = MinSizeRel|x64
		{27FF08C7-8CF9-387B-8F72-96C856D1BB7F}.RelWithDebInfo|x64.ActiveCfg = RelWithDebInfo|x64
		{27FF08C7-8CF9-387B-8F72-96C856D1BB7F}.RelWithDebInfo|x64.Build.0 = RelWithDebInfo|x64
		{0F49A861-F275-3927-AA26-FC3C24834354}.Debug|x64.ActiveCfg = Debug|x64
		{0F49A861-F275-3927-AA26-FC3C24834354}.Debug|x64.Build.0 = Debug|x64
		{0F49A861-F275-3927-AA26-FC3C24834354}.Release|x64.ActiveCfg = Release|x64
		{0F49A861-F275-3927-AA26-FC3C24834354}.Release|x64.Build.0 = Release|x64
		{0F49A861-F275-3927-AA26-FC3C24834354}.MinSizeRel|x64.ActiveCfg = MinSizeRel|x64
		{0F49A861-F275-3927-AA26-FC3C24834354}.MinSizeRel|x64.Build.0 = MinSizeRel|x64
		{0F49A861-F275-3927-AA26-FC3C24834354}.RelWithDebInfo|x64.ActiveCfg = RelWithDebInfo|x64
		{0F49A861-F275-3927-AA26-FC3C24834354}.RelWithDebInfo|x64.Build.0 = RelWithDebInfo|x64
		{E381D55F-6FA4-3C67-AEF6-353571EC5BFE}.Debug|x64.ActiveCfg = Debug|x64
		{E381D55F-6FA4-3C67-AEF6-353571EC5BFE}.Release|x64.ActiveCfg = Release|x64
		{E381D55F-6FA4-3C67-AEF6-353571EC5BFE}.MinSizeRel|x64.ActiveCfg = MinSizeRel|x64
		{E381D55F-6FA4-3C67-AEF6-353571EC5BFE}.RelWithDebInfo|x64.ActiveCfg = RelWithDebInfo|x64
		{7109F831-932B-3D7F-A49F-E616F3F9F7AD}.Debug|x64.ActiveCfg = Debug|x64
		{7109F831-932B-3D7F-A49F-E616F3F9F7AD}.Debug|x64.Build.0 = Debug|x64
		{7109F831-932B-3D7F-A49F-E616F3F9F7AD}.Release|x64.ActiveCfg = Release|x64
		{7109F831-932B-3D7F-A49F-E616F3F9F7AD}.Release|x64.Build.0 = Release|x64
		{7109F831-932B-3D7F-A49F-E616F3F9F7AD}.MinSizeRel|x64.ActiveCfg = MinSizeRel|x64
		{7109F831-932B-3D7F-A49F-E616F3F9F7AD}.MinSizeRel|x64.Build.0 = MinSizeRel|x64
		{7109F831-932B-3D7F-A49F-E616F3F9F7AD}.RelWithDebInfo|x64.ActiveCfg = RelWithDebInfo|x64
		{7109F831-932B-3D7F-A49F-E616F3F9F7AD}.RelWithDebInfo|x64.Build.0 = RelWithDebInfo|x64
		{DE271FAB-6FFC-361D-8DAA-22CC829E9284}.Debug|x64.ActiveCfg = Debug|x64
		{DE271FAB-6FFC-361D-8DAA-22CC829E9284}.Debug|x64.Build.0 = Debug|x64
		{DE271FAB-6FFC-361D-8DAA-22CC829E9284}.Release|x64.ActiveCfg = Release|x64
		{DE271FAB-6FFC-361D-8DAA-22CC829E9284}.Release|x64.Build.0 = Release|x64
		{DE271FAB-6FFC-361D-8DAA-22CC829E9284}.MinSizeRel|x64.ActiveCfg = MinSizeRel|x64
		{DE271FAB-6FFC-361D-8DAA-22CC829E9284}.MinSizeRel|x64.Build.0 = MinSizeRel|x64
		{DE271FAB-6FFC-361D-8DAA-22CC829E9284}.RelWithDebInfo|x64.ActiveCfg = RelWithDebInfo|x64
		{DE271FAB-6FFC-361D-8DAA-22CC829E9284}.RelWithDebInfo|x64.Build.0 = RelWithDebInfo|x64
		{09467C61-B7CA-348A-A544-DAD4C01C4571}.Debug|x64.ActiveCfg = Debug|x64
		{09467C61-B7CA-348A-A544-DAD4C01C4571}.Debug|x64.Build.0 = Debug|x64
		{09467C61-B7CA-348A-A544-DAD4C01C4571}.Release|x64.ActiveCfg = Release|x64
		{09467C61-B7CA-348A-A544-DAD4C01C4571}.Release|x64.Build.0 = Release|x64
		{09467C61-B7CA-348A-A544-DAD4C01C4571}.MinSizeRel|x64.ActiveCfg = MinSizeRel|x64
		{09467C61-B7CA-348A-A544-DAD4C01C4571}.MinSizeRel|x64.Build.0 = MinSizeRel|x64
		{09467C61-B7CA-348A-A544-DAD4C01C4571}.RelWithDebInfo|x64.ActiveCfg = RelWithDebInfo|x64
		{09467C61-B7CA-348A-A544-DAD4C01C4571}.RelWithDebInfo|x64.Build.0 = RelWithDebInfo|x64
		{903D6209-AC5C-3852-9AB5-2828E20920C5}.Debug|x64.ActiveCfg = Debug|x64
		{903D6209-AC5C-3852-9AB5-2828E20920C5}.Debug|x64.Build.0 = Debug|x64
		{903D6209-AC5C-3852-9AB5-2828E20920C5}.Release|x64.ActiveCfg = Release|x64
		{903D6209-AC5C-3852-9AB5-2828E20920C5}.Release|x64.Build.0 = Release|x64
		{903D6209-AC5C-3852-9AB5-2828E20920C5}.MinSizeRel|x64.ActiveCfg = MinSizeRel|x64
		{903D6209-AC5C-3852-9AB5-2828E20920C5}.MinSizeRel|x64.Build.0 = MinSizeRel|x64
		{903D6209-AC5C-3852-9AB5-2828E20920C5}.RelWithDebInfo|x64.ActiveCfg = RelWithDebInfo|x64
		{903D6209-AC5C-3852-9AB5-2828E20920C5}.RelWithDebInfo|x64.Build.0 = RelWithDebInfo|x64
		{1A25E1B7-1A60-3772-BAF8-7B27072F3F23}.Debug|x64.ActiveCfg = Debug|x64
		{1A25E1B7-1A60-3772-BAF8-7B27072F3F23}.Debug|x64.Build.0 = Debug|x64
		{1A25E1B7-1A60-3772-BAF8-7B27072F3F23}.Release|x64.ActiveCfg = Release|x64
		{1A25E1B7-1A60-3772-BAF8-7B27072F3F23}.Release|x64.Build.0 = Release|x64
		{1A25E1B7-1A60-3772-BAF8-7B27072F3F23}.MinSizeRel|x64.ActiveCfg = MinSizeRel|x64
		{1A25E1B7-1A60-3772-BAF8-7B27072F3F23}.MinSizeRel|x64.Build.0 = MinSizeRel|x64
		{1A25E1B7-1A60-3772-BAF8-7B27072F3F23}.RelWithDebInfo|x64.ActiveCfg = RelWithDebInfo|x64
		{1A25E1B7-1A60-3772-BAF8-7B27072F3F23}.RelWithDebInfo|x64.Build.0 = RelWithDebInfo|x64
		{870ECC49-03B1-3720-B6F2-70494756CC8B}.Debug|x64.ActiveCfg = Debug|x64
		{870ECC49-03B1-3720-B6F2-70494756CC8B}.Debug|x64.Build.0 = Debug|x64
		{870ECC49-03B1-3720-B6F2-70494756CC8B}.Release|x64.ActiveCfg = Release|x64
		{870ECC49-03B1-3720-B6F2-70494756CC8B}.Release|x64.Build.0 = Release|x64
		{870ECC49-03B1-3720-B6F2-70494756CC8B}.MinSizeRel|x64.ActiveCfg = MinSizeRel|x64
		{870ECC49-03B1-3720-B6F2-70494756CC8B}.MinSizeRel|x64.Build.0 = MinSizeRel|x64
		{870ECC49-03B1-3720-B6F2-70494756CC8B}.RelWithDebInfo|x64.ActiveCfg = RelWithDebInfo|x64
		{870ECC49-03B1-3720-B6F2-70494756CC8B}.RelWithDebInfo|x64.Build.0 = RelWithDebInfo|x64
		{4C90FD1E-2192-3CBC-9101-DB0330804B67}.Debug|x64.ActiveCfg = Debug|x64
		{4C90FD1E-2192-3CBC-9101-DB0330804B67}.Release|x64.ActiveCfg = Release|x64
		{4C90FD1E-2192-3CBC-9101-DB0330804B67}.MinSizeRel|x64.ActiveCfg = MinSizeRel|x64
		{4C90FD1E-2192-3CBC-9101-DB0330804B67}.RelWithDebInfo|x64.ActiveCfg = RelWithDebInfo|x64
		{1EB9B4C9-337B-386B-8539-F612745275EC}.Debug|x64.ActiveCfg = Debug|x64
		{1EB9B4C9-337B-386B-8539-F612745275EC}.Debug|x64.Build.0 = Debug|x64
		{1EB9B4C9-337B-386B-8539-F612745275EC}.Release|x64.ActiveCfg = Release|x64
		{1EB9B4C9-337B-386B-8539-F612745275EC}.Release|x64.Build.0 = Release|x64
		{1EB9B4C9-337B-386B-8539-F612745275EC}.MinSizeRel|x64.ActiveCfg = MinSizeRel|x64
		{1EB9B4C9-337B-386B-8539-F612745275EC}.MinSizeRel|x64.Build.0 = MinSizeRel|x64
		{1EB9B4C9-337B-386B-8539-F612745275EC}.RelWithDebInfo|x64.ActiveCfg = RelWithDebInfo|x64
		{1EB9B4C9-337B-386B-8539-F612745275EC}.RelWithDebInfo|x64.Build.0 = RelWithDebInfo|x64
		{614F9AA3-DA33-3911-9F6B-9D2820DE0F94}.Debug|x64.ActiveCfg = Debug|x64
		{614F9AA3-DA33-3911-9F6B-9D2820DE0F94}.Release|x64.ActiveCfg = Release|x64
		{614F9AA3-DA33-3911-9F6B-9D2820DE0F94}.MinSizeRel|x64.ActiveCfg = MinSizeRel|x64
		{614F9AA3-DA33-3911-9F6B-9D2820DE0F94}.RelWithDebInfo|x64.ActiveCfg = RelWithDebInfo|x64
	EndGlobalSection
	GlobalSection(NestedProjects) = preSolution
		{27FF08C7-8CF9-387B-8F72-96C856D1BB7F} = {66239E1C-1296-333E-8D6E-80E6AE352C7F}
		{0F49A861-F275-3927-AA26-FC3C24834354} = {0D78192C-BCAF-353A-8D0E-62073C216846}
		{E381D55F-6FA4-3C67-AEF6-353571EC5BFE} = {0D78192C-BCAF-353A-8D0E-62073C216846}
		{7109F831-932B-3D7F-A49F-E616F3F9F7AD} = {0D78192C-BCAF-353A-8D0E-62073C216846}
		{09467C61-B7CA-348A-A544-DAD4C01C4571} = {94E66863-2157-374E-96A3-BA6A71DA1DF3}
		{903D6209-AC5C-3852-9AB5-2828E20920C5} = {1CCF2A8F-EED8-3C85-989D-E198782F02B5}
	EndGlobalSection
	GlobalSection(ExtensibilityGlobals) = postSolution
		SolutionGuid = {90E3B107-2A22-3AED-980F-3AB0873CAF3B}
	EndGlobalSection
	GlobalSection(ExtensibilityAddIns) = postSolution
	EndGlobalSection
EndGlobal
